
Microsoft Visual Studio Solution File, Format Version 12.00
# Visual Studio Version 17
VisualStudioVersion = 17.3.32929.385
MinimumVisualStudioVersion = 10.0.40219.1
Project("{9A19103F-16F7-4668-BE54-9A1E7A4F7556}") = "GamerShop", "GamerShop\GamerShop.csproj", "{4DEEB45C-8BE9-42AF-8B61-83D8419572BF}"
EndProject
Project("{9A19103F-16F7-4668-BE54-9A1E7A4F7556}") = "DALInterfaces", "DALInterfaces\DALInterfaces.csproj", "{08B2EEE7-2E41-4769-83A2-2CE9A4EB6714}"
EndProject
Project("{9A19103F-16F7-4668-BE54-9A1E7A4F7556}") = "BusinessLayerInterfaces", "BuisnessLayerInterfaces\BusinessLayerInterfaces.csproj", "{29E46592-2C66-4055-980E-6CD283319A81}"
EndProject
Project("{9A19103F-16F7-4668-BE54-9A1E7A4F7556}") = "BusinessLayer", "BusinessLayer\BusinessLayer.csproj", "{2D42589C-9FAE-4D3A-9312-281AF9A8BDA8}"
EndProject
Project("{9A19103F-16F7-4668-BE54-9A1E7A4F7556}") = "DALEfDB", "DALEfDB\DALEfDB.csproj", "{C0D014AE-7AEC-48EE-B096-E469608F0ADA}"
EndProject
Project("{9A19103F-16F7-4668-BE54-9A1E7A4F7556}") = "BusinessLayerTests", "BusinessLayerTests\BusinessLayerTests.csproj", "{9CBB3320-3474-4DE8-A35F-07F3F9A7EFA1}"
EndProject
Project("{9A19103F-16F7-4668-BE54-9A1E7A4F7556}") = "GamerShopTests", "GamerShopTests\GamerShopTests.csproj", "{4162C370-CBEF-4AA3-AC42-D8F5B1601C95}"
EndProject
Project("{9A19103F-16F7-4668-BE54-9A1E7A4F7556}") = "TaskExample", "TaskExample\TaskExample.csproj", "{9544E21A-C057-4C86-B2A9-33C866722944}"
EndProject
Project("{9A19103F-16F7-4668-BE54-9A1E7A4F7556}") = "GamerShopTestE2E", "GamerShopTestE2E\GamerShopTestE2E.csproj", "{7545CE1E-E781-4DDA-8831-8F7C5160446E}"
EndProject
Project("{9A19103F-16F7-4668-BE54-9A1E7A4F7556}") = "ChatApi", "ChatApi\ChatApi.csproj", "{15C966B6-FDD7-429B-962C-0B64DA4F320C}"
EndProject
Project("{FAE04EC0-301F-11D3-BF4B-00C04F79EFBC}") = "RoomApi", "RoomApi\RoomApi.csproj", "{C871EEDE-B7EA-4FE9-8BCC-F32FA7C2C4AF}"
EndProject
Project("{FAE04EC0-301F-11D3-BF4B-00C04F79EFBC}") = "FootballApi", "FootballApi\FootballApi.csproj", "{E0606AC3-C2D9-48C8-9BDE-68248E9F5596}"
EndProject
Global
	GlobalSection(SolutionConfigurationPlatforms) = preSolution
		Debug|Any CPU = Debug|Any CPU
		Release|Any CPU = Release|Any CPU
	EndGlobalSection
	GlobalSection(ProjectConfigurationPlatforms) = postSolution
		{4DEEB45C-8BE9-42AF-8B61-83D8419572BF}.Debug|Any CPU.ActiveCfg = Debug|Any CPU
		{4DEEB45C-8BE9-42AF-8B61-83D8419572BF}.Debug|Any CPU.Build.0 = Debug|Any CPU
		{4DEEB45C-8BE9-42AF-8B61-83D8419572BF}.Release|Any CPU.ActiveCfg = Release|Any CPU
		{4DEEB45C-8BE9-42AF-8B61-83D8419572BF}.Release|Any CPU.Build.0 = Release|Any CPU
		{08B2EEE7-2E41-4769-83A2-2CE9A4EB6714}.Debug|Any CPU.ActiveCfg = Debug|Any CPU
		{08B2EEE7-2E41-4769-83A2-2CE9A4EB6714}.Debug|Any CPU.Build.0 = Debug|Any CPU
		{08B2EEE7-2E41-4769-83A2-2CE9A4EB6714}.Release|Any CPU.ActiveCfg = Release|Any CPU
		{08B2EEE7-2E41-4769-83A2-2CE9A4EB6714}.Release|Any CPU.Build.0 = Release|Any CPU
		{29E46592-2C66-4055-980E-6CD283319A81}.Debug|Any CPU.ActiveCfg = Debug|Any CPU
		{29E46592-2C66-4055-980E-6CD283319A81}.Debug|Any CPU.Build.0 = Debug|Any CPU
		{29E46592-2C66-4055-980E-6CD283319A81}.Release|Any CPU.ActiveCfg = Release|Any CPU
		{29E46592-2C66-4055-980E-6CD283319A81}.Release|Any CPU.Build.0 = Release|Any CPU
		{2D42589C-9FAE-4D3A-9312-281AF9A8BDA8}.Debug|Any CPU.ActiveCfg = Debug|Any CPU
		{2D42589C-9FAE-4D3A-9312-281AF9A8BDA8}.Debug|Any CPU.Build.0 = Debug|Any CPU
		{2D42589C-9FAE-4D3A-9312-281AF9A8BDA8}.Release|Any CPU.ActiveCfg = Release|Any CPU
		{2D42589C-9FAE-4D3A-9312-281AF9A8BDA8}.Release|Any CPU.Build.0 = Release|Any CPU
		{C0D014AE-7AEC-48EE-B096-E469608F0ADA}.Debug|Any CPU.ActiveCfg = Debug|Any CPU
		{C0D014AE-7AEC-48EE-B096-E469608F0ADA}.Debug|Any CPU.Build.0 = Debug|Any CPU
		{C0D014AE-7AEC-48EE-B096-E469608F0ADA}.Release|Any CPU.ActiveCfg = Release|Any CPU
		{C0D014AE-7AEC-48EE-B096-E469608F0ADA}.Release|Any CPU.Build.0 = Release|Any CPU
		{9CBB3320-3474-4DE8-A35F-07F3F9A7EFA1}.Debug|Any CPU.ActiveCfg = Debug|Any CPU
		{9CBB3320-3474-4DE8-A35F-07F3F9A7EFA1}.Debug|Any CPU.Build.0 = Debug|Any CPU
		{9CBB3320-3474-4DE8-A35F-07F3F9A7EFA1}.Release|Any CPU.ActiveCfg = Release|Any CPU
		{9CBB3320-3474-4DE8-A35F-07F3F9A7EFA1}.Release|Any CPU.Build.0 = Release|Any CPU
		{4162C370-CBEF-4AA3-AC42-D8F5B1601C95}.Debug|Any CPU.ActiveCfg = Debug|Any CPU
		{4162C370-CBEF-4AA3-AC42-D8F5B1601C95}.Debug|Any CPU.Build.0 = Debug|Any CPU
		{4162C370-CBEF-4AA3-AC42-D8F5B1601C95}.Release|Any CPU.ActiveCfg = Release|Any CPU
		{4162C370-CBEF-4AA3-AC42-D8F5B1601C95}.Release|Any CPU.Build.0 = Release|Any CPU
		{9544E21A-C057-4C86-B2A9-33C866722944}.Debug|Any CPU.ActiveCfg = Debug|Any CPU
		{9544E21A-C057-4C86-B2A9-33C866722944}.Debug|Any CPU.Build.0 = Debug|Any CPU
		{9544E21A-C057-4C86-B2A9-33C866722944}.Release|Any CPU.ActiveCfg = Release|Any CPU
		{9544E21A-C057-4C86-B2A9-33C866722944}.Release|Any CPU.Build.0 = Release|Any CPU
		{7545CE1E-E781-4DDA-8831-8F7C5160446E}.Debug|Any CPU.ActiveCfg = Debug|Any CPU
		{7545CE1E-E781-4DDA-8831-8F7C5160446E}.Debug|Any CPU.Build.0 = Debug|Any CPU
		{7545CE1E-E781-4DDA-8831-8F7C5160446E}.Release|Any CPU.ActiveCfg = Release|Any CPU
		{7545CE1E-E781-4DDA-8831-8F7C5160446E}.Release|Any CPU.Build.0 = Release|Any CPU
		{15C966B6-FDD7-429B-962C-0B64DA4F320C}.Debug|Any CPU.ActiveCfg = Debug|Any CPU
		{15C966B6-FDD7-429B-962C-0B64DA4F320C}.Debug|Any CPU.Build.0 = Debug|Any CPU
		{15C966B6-FDD7-429B-962C-0B64DA4F320C}.Release|Any CPU.ActiveCfg = Release|Any CPU
		{15C966B6-FDD7-429B-962C-0B64DA4F320C}.Release|Any CPU.Build.0 = Release|Any CPU
		{C871EEDE-B7EA-4FE9-8BCC-F32FA7C2C4AF}.Debug|Any CPU.ActiveCfg = Debug|Any CPU
		{C871EEDE-B7EA-4FE9-8BCC-F32FA7C2C4AF}.Debug|Any CPU.Build.0 = Debug|Any CPU
		{C871EEDE-B7EA-4FE9-8BCC-F32FA7C2C4AF}.Release|Any CPU.ActiveCfg = Release|Any CPU
		{C871EEDE-B7EA-4FE9-8BCC-F32FA7C2C4AF}.Release|Any CPU.Build.0 = Release|Any CPU
		{E0606AC3-C2D9-48C8-9BDE-68248E9F5596}.Debug|Any CPU.ActiveCfg = Debug|Any CPU
		{E0606AC3-C2D9-48C8-9BDE-68248E9F5596}.Debug|Any CPU.Build.0 = Debug|Any CPU
		{E0606AC3-C2D9-48C8-9BDE-68248E9F5596}.Release|Any CPU.ActiveCfg = Release|Any CPU
		{E0606AC3-C2D9-48C8-9BDE-68248E9F5596}.Release|Any CPU.Build.0 = Release|Any CPU
	EndGlobalSection
	GlobalSection(SolutionProperties) = preSolution
		HideSolutionNode = FALSE
	EndGlobalSection
	GlobalSection(ExtensibilityGlobals) = postSolution
		SolutionGuid = {76FE1814-47CD-4C78-9206-DC122A1D2FEC}
	EndGlobalSection
EndGlobal
