
Microsoft Visual Studio Solution File, Format Version 12.00
# Visual Studio Version 17
VisualStudioVersion = 17.3.32929.385
MinimumVisualStudioVersion = 10.0.40219.1
Project("{9A19103F-16F7-4668-BE54-9A1E7A4F7556}") = "GamerShop", "GamerShop\GamerShop.csproj", "{4DEEB45C-8BE9-42AF-8B61-83D8419572BF}"
EndProject
Project("{FAE04EC0-301F-11D3-BF4B-00C04F79EFBC}") = "DALInterfaces", "DALInterfaces\DALInterfaces.csproj", "{08B2EEE7-2E41-4769-83A2-2CE9A4EB6714}"
EndProject
Project("{FAE04EC0-301F-11D3-BF4B-00C04F79EFBC}") = "DALWrongDB", "DALWrongDB\DALWrongDB.csproj", "{8F89FC4F-495F-418D-A674-BAB98D6233C5}"
EndProject
Global
	GlobalSection(SolutionConfigurationPlatforms) = preSolution
		Debug|Any CPU = Debug|Any CPU
		Release|Any CPU = Release|Any CPU
	EndGlobalSection
	GlobalSection(ProjectConfigurationPlatforms) = postSolution
		{4DEEB45C-8BE9-42AF-8B61-83D8419572BF}.Debug|Any CPU.ActiveCfg = Debug|Any CPU
		{4DEEB45C-8BE9-42AF-8B61-83D8419572BF}.Debug|Any CPU.Build.0 = Debug|Any CPU
		{4DEEB45C-8BE9-42AF-8B61-83D8419572BF}.Release|Any CPU.ActiveCfg = Release|Any CPU
		{4DEEB45C-8BE9-42AF-8B61-83D8419572BF}.Release|Any CPU.Build.0 = Release|Any CPU
		{08B2EEE7-2E41-4769-83A2-2CE9A4EB6714}.Debug|Any CPU.ActiveCfg = Debug|Any CPU
		{08B2EEE7-2E41-4769-83A2-2CE9A4EB6714}.Debug|Any CPU.Build.0 = Debug|Any CPU
		{08B2EEE7-2E41-4769-83A2-2CE9A4EB6714}.Release|Any CPU.ActiveCfg = Release|Any CPU
		{08B2EEE7-2E41-4769-83A2-2CE9A4EB6714}.Release|Any CPU.Build.0 = Release|Any CPU
		{8F89FC4F-495F-418D-A674-BAB98D6233C5}.Debug|Any CPU.ActiveCfg = Debug|Any CPU
		{8F89FC4F-495F-418D-A674-BAB98D6233C5}.Debug|Any CPU.Build.0 = Debug|Any CPU
		{8F89FC4F-495F-418D-A674-BAB98D6233C5}.Release|Any CPU.ActiveCfg = Release|Any CPU
		{8F89FC4F-495F-418D-A674-BAB98D6233C5}.Release|Any CPU.Build.0 = Release|Any CPU
	EndGlobalSection
	GlobalSection(SolutionProperties) = preSolution
		HideSolutionNode = FALSE
	EndGlobalSection
	GlobalSection(ExtensibilityGlobals) = postSolution
		SolutionGuid = {76FE1814-47CD-4C78-9206-DC122A1D2FEC}
	EndGlobalSection
EndGlobal
